
Microsoft Visual Studio Solution File, Format Version 12.00
# Visual Studio Version 17
VisualStudioVersion = 17.8.34330.188
MinimumVisualStudioVersion = 10.0.40219.1
Project("{FAE04EC0-301F-11D3-BF4B-00C04F79EFBC}") = "CarService_App.Android", "CarService_App\CarService_App.Android\CarService_App.Android.csproj", "{E6DD0E0B-87EC-4BF6-98C8-8ED384579178}"
EndProject
Project("{FAE04EC0-301F-11D3-BF4B-00C04F79EFBC}") = "CarService_App", "CarService_App\CarService_App\CarService_App.csproj", "{816314E8-39F0-46FA-BC7F-702D4F7F5804}"
EndProject
Global
	GlobalSection(SolutionConfigurationPlatforms) = preSolution
		Debug|Any CPU = Debug|Any CPU
		Release|Any CPU = Release|Any CPU
	EndGlobalSection
	GlobalSection(ProjectConfigurationPlatforms) = postSolution
		{E6DD0E0B-87EC-4BF6-98C8-8ED384579178}.Debug|Any CPU.ActiveCfg = Debug|Any CPU
		{E6DD0E0B-87EC-4BF6-98C8-8ED384579178}.Debug|Any CPU.Build.0 = Debug|Any CPU
		{E6DD0E0B-87EC-4BF6-98C8-8ED384579178}.Debug|Any CPU.Deploy.0 = Debug|Any CPU
		{E6DD0E0B-87EC-4BF6-98C8-8ED384579178}.Release|Any CPU.ActiveCfg = Release|Any CPU
		{E6DD0E0B-87EC-4BF6-98C8-8ED384579178}.Release|Any CPU.Build.0 = Release|Any CPU
		{E6DD0E0B-87EC-4BF6-98C8-8ED384579178}.Release|Any CPU.Deploy.0 = Release|Any CPU
		{816314E8-39F0-46FA-BC7F-702D4F7F5804}.Debug|Any CPU.ActiveCfg = Debug|Any CPU
		{816314E8-39F0-46FA-BC7F-702D4F7F5804}.Debug|Any CPU.Build.0 = Debug|Any CPU
		{816314E8-39F0-46FA-BC7F-702D4F7F5804}.Debug|Any CPU.Deploy.0 = Debug|Any CPU
		{816314E8-39F0-46FA-BC7F-702D4F7F5804}.Release|Any CPU.ActiveCfg = Release|Any CPU
		{816314E8-39F0-46FA-BC7F-702D4F7F5804}.Release|Any CPU.Build.0 = Release|Any CPU
		{816314E8-39F0-46FA-BC7F-702D4F7F5804}.Release|Any CPU.Deploy.0 = Release|Any CPU
	EndGlobalSection
	GlobalSection(SolutionProperties) = preSolution
		HideSolutionNode = FALSE
	EndGlobalSection
	GlobalSection(ExtensibilityGlobals) = postSolution
		SolutionGuid = {87CCDD74-BF11-4652-B700-A5113DA7CAB0}
	EndGlobalSection
EndGlobal
